
Microsoft Visual Studio Solution File, Format Version 12.00
# Visual Studio Version 17
VisualStudioVersion = 17.3.32825.248
MinimumVisualStudioVersion = 10.0.40219.1
Project("{FAE04EC0-301F-11D3-BF4B-00C04F79EFBC}") = "MyFirstProgram", "MyFirstProgram\MyFirstProgram.csproj", "{9CCC7CD3-37A9-4C99-88E6-84D2A7FD1A7D}"
EndProject
Global
	GlobalSection(SolutionConfigurationPlatforms) = preSolution
		Debug|Any CPU = Debug|Any CPU
		Release|Any CPU = Release|Any CPU
	EndGlobalSection
	GlobalSection(ProjectConfigurationPlatforms) = postSolution
		{9CCC7CD3-37A9-4C99-88E6-84D2A7FD1A7D}.Debug|Any CPU.ActiveCfg = Debug|Any CPU
		{9CCC7CD3-37A9-4C99-88E6-84D2A7FD1A7D}.Debug|Any CPU.Build.0 = Debug|Any CPU
		{9CCC7CD3-37A9-4C99-88E6-84D2A7FD1A7D}.Release|Any CPU.ActiveCfg = Release|Any CPU
		{9CCC7CD3-37A9-4C99-88E6-84D2A7FD1A7D}.Release|Any CPU.Build.0 = Release|Any CPU
	EndGlobalSection
	GlobalSection(SolutionProperties) = preSolution
		HideSolutionNode = FALSE
	EndGlobalSection
	GlobalSection(ExtensibilityGlobals) = postSolution
		SolutionGuid = {0CE4E0C2-A55A-4703-8C1C-DAA7D147006F}
	EndGlobalSection
EndGlobal
